
Microsoft Visual Studio Solution File, Format Version 12.00
Project("{FAE04EC0-301F-11D3-BF4B-00C04F79EFBC}") = "Playground1", "Playground1\Playground1.csproj", "{43CE4340-D580-4235-AB1C-787B5CA6AA97}"
EndProject
Project("{FAE04EC0-301F-11D3-BF4B-00C04F79EFBC}") = "Playground1.Tests", "Playground1.Tests\Playground1.Tests.csproj", "{AAE737C6-98DA-4381-8C39-8BAFB62CC355}"
EndProject
Project("{2150E333-8FDC-42A3-9474-1A3956D46DE8}") = "EfCore", "EfCore", "{29DD545D-3CD7-49A5-9B06-DEBACCB2A3FA}"
EndProject
Project("{FAE04EC0-301F-11D3-BF4B-00C04F79EFBC}") = "Playgrounds.EfCore", "Playgrounds.EfCore\Playgrounds.EfCore.csproj", "{12A66F6E-2BF8-41D9-BECD-DE3D898B19E3}"
EndProject
Global
	GlobalSection(SolutionConfigurationPlatforms) = preSolution
		Debug|Any CPU = Debug|Any CPU
		Release|Any CPU = Release|Any CPU
	EndGlobalSection
	GlobalSection(ProjectConfigurationPlatforms) = postSolution
		{43CE4340-D580-4235-AB1C-787B5CA6AA97}.Debug|Any CPU.ActiveCfg = Debug|Any CPU
		{43CE4340-D580-4235-AB1C-787B5CA6AA97}.Debug|Any CPU.Build.0 = Debug|Any CPU
		{43CE4340-D580-4235-AB1C-787B5CA6AA97}.Release|Any CPU.ActiveCfg = Release|Any CPU
		{43CE4340-D580-4235-AB1C-787B5CA6AA97}.Release|Any CPU.Build.0 = Release|Any CPU
		{AAE737C6-98DA-4381-8C39-8BAFB62CC355}.Debug|Any CPU.ActiveCfg = Debug|Any CPU
		{AAE737C6-98DA-4381-8C39-8BAFB62CC355}.Debug|Any CPU.Build.0 = Debug|Any CPU
		{AAE737C6-98DA-4381-8C39-8BAFB62CC355}.Release|Any CPU.ActiveCfg = Release|Any CPU
		{AAE737C6-98DA-4381-8C39-8BAFB62CC355}.Release|Any CPU.Build.0 = Release|Any CPU
		{12A66F6E-2BF8-41D9-BECD-DE3D898B19E3}.Debug|Any CPU.ActiveCfg = Debug|Any CPU
		{12A66F6E-2BF8-41D9-BECD-DE3D898B19E3}.Debug|Any CPU.Build.0 = Debug|Any CPU
		{12A66F6E-2BF8-41D9-BECD-DE3D898B19E3}.Release|Any CPU.ActiveCfg = Release|Any CPU
		{12A66F6E-2BF8-41D9-BECD-DE3D898B19E3}.Release|Any CPU.Build.0 = Release|Any CPU
	EndGlobalSection
	GlobalSection(NestedProjects) = preSolution
		{12A66F6E-2BF8-41D9-BECD-DE3D898B19E3} = {29DD545D-3CD7-49A5-9B06-DEBACCB2A3FA}
	EndGlobalSection
EndGlobal
